
Microsoft Visual Studio Solution File, Format Version 12.00
# Visual Studio Version 17
VisualStudioVersion = 17.11.35312.102
MinimumVisualStudioVersion = 10.0.40219.1
Project("{2150E333-8FDC-42A3-9474-1A3956D46DE8}") = "src", "src", "{C55B6EE9-502E-4B46-89BA-345680474EA4}"
EndProject
Project("{2150E333-8FDC-42A3-9474-1A3956D46DE8}") = "Adapters", "Adapters", "{53714244-BF60-4B06-B695-F5E0EDB9E341}"
EndProject
Project("{2150E333-8FDC-42A3-9474-1A3956D46DE8}") = "Core", "Core", "{57F05A67-C018-40E0-A12A-E419146508AE}"
EndProject
Project("{2150E333-8FDC-42A3-9474-1A3956D46DE8}") = "Driven", "Driven", "{EB04DF66-DB26-46BC-B472-10D26A28ACAD}"
EndProject
Project("{2150E333-8FDC-42A3-9474-1A3956D46DE8}") = "Driving", "Driving", "{ADE20B17-FE45-4581-9CA3-1736FDE710B0}"
EndProject
Project("{9A19103F-16F7-4668-BE54-9A1E7A4F7556}") = "Application", "Application\Application.csproj", "{5B2DD0F0-2BBB-4C94-80DC-79E9B7BC3496}"
EndProject
Project("{9A19103F-16F7-4668-BE54-9A1E7A4F7556}") = "Domain", "Domain\Domain.csproj", "{BBDC3B9F-2C73-4BC3-96E9-4CD692E1A75D}"
EndProject
Project("{9A19103F-16F7-4668-BE54-9A1E7A4F7556}") = "Infra.DataBase.Postgres", "Infra.DataBase.Postgres\Infra.DataBase.Postgres.csproj", "{AF788333-6180-4220-902E-E1B64FEE63E8}"
EndProject
Project("{9A19103F-16F7-4668-BE54-9A1E7A4F7556}") = "Api", "Api\Api.csproj", "{17E38EAD-53EC-4594-BAA5-2F9081FB4F1F}"
EndProject
Project("{2150E333-8FDC-42A3-9474-1A3956D46DE8}") = "Test", "Test", "{39A9B50E-F3C0-4B66-9C6D-DA336DDF1E7D}"
EndProject
Project("{FAE04EC0-301F-11D3-BF4B-00C04F79EFBC}") = "Tests", "Tests\Tests.csproj", "{1DFC945C-3FFD-4A34-9693-BBF5EBB5ED36}"
EndProject
Project("{FAE04EC0-301F-11D3-BF4B-00C04F79EFBC}") = "Consumer.RabbitMQ", "Consumer.RabbitMQ\Consumer.RabbitMQ.csproj", "{F7DFC57F-3210-4F61-A8AA-E5AE5E9E786B}"
EndProject
Project("{FAE04EC0-301F-11D3-BF4B-00C04F79EFBC}") = "MessageBroker.RabbitMQ", "MessageBroker.RabbitMQ\MessageBroker.RabbitMQ.csproj", "{88236313-CB5C-4A8C-81D7-B009AF287BD1}"
EndProject
Global
	GlobalSection(SolutionConfigurationPlatforms) = preSolution
		Debug|Any CPU = Debug|Any CPU
		Release|Any CPU = Release|Any CPU
	EndGlobalSection
	GlobalSection(ProjectConfigurationPlatforms) = postSolution
		{5B2DD0F0-2BBB-4C94-80DC-79E9B7BC3496}.Debug|Any CPU.ActiveCfg = Debug|Any CPU
		{5B2DD0F0-2BBB-4C94-80DC-79E9B7BC3496}.Debug|Any CPU.Build.0 = Debug|Any CPU
		{5B2DD0F0-2BBB-4C94-80DC-79E9B7BC3496}.Release|Any CPU.ActiveCfg = Release|Any CPU
		{5B2DD0F0-2BBB-4C94-80DC-79E9B7BC3496}.Release|Any CPU.Build.0 = Release|Any CPU
		{BBDC3B9F-2C73-4BC3-96E9-4CD692E1A75D}.Debug|Any CPU.ActiveCfg = Debug|Any CPU
		{BBDC3B9F-2C73-4BC3-96E9-4CD692E1A75D}.Debug|Any CPU.Build.0 = Debug|Any CPU
		{BBDC3B9F-2C73-4BC3-96E9-4CD692E1A75D}.Release|Any CPU.ActiveCfg = Release|Any CPU
		{BBDC3B9F-2C73-4BC3-96E9-4CD692E1A75D}.Release|Any CPU.Build.0 = Release|Any CPU
		{AF788333-6180-4220-902E-E1B64FEE63E8}.Debug|Any CPU.ActiveCfg = Debug|Any CPU
		{AF788333-6180-4220-902E-E1B64FEE63E8}.Debug|Any CPU.Build.0 = Debug|Any CPU
		{AF788333-6180-4220-902E-E1B64FEE63E8}.Release|Any CPU.ActiveCfg = Release|Any CPU
		{AF788333-6180-4220-902E-E1B64FEE63E8}.Release|Any CPU.Build.0 = Release|Any CPU
		{17E38EAD-53EC-4594-BAA5-2F9081FB4F1F}.Debug|Any CPU.ActiveCfg = Debug|Any CPU
		{17E38EAD-53EC-4594-BAA5-2F9081FB4F1F}.Debug|Any CPU.Build.0 = Debug|Any CPU
		{17E38EAD-53EC-4594-BAA5-2F9081FB4F1F}.Release|Any CPU.ActiveCfg = Release|Any CPU
		{17E38EAD-53EC-4594-BAA5-2F9081FB4F1F}.Release|Any CPU.Build.0 = Release|Any CPU
		{1DFC945C-3FFD-4A34-9693-BBF5EBB5ED36}.Debug|Any CPU.ActiveCfg = Debug|Any CPU
		{1DFC945C-3FFD-4A34-9693-BBF5EBB5ED36}.Debug|Any CPU.Build.0 = Debug|Any CPU
		{1DFC945C-3FFD-4A34-9693-BBF5EBB5ED36}.Release|Any CPU.ActiveCfg = Release|Any CPU
		{1DFC945C-3FFD-4A34-9693-BBF5EBB5ED36}.Release|Any CPU.Build.0 = Release|Any CPU
		{F7DFC57F-3210-4F61-A8AA-E5AE5E9E786B}.Debug|Any CPU.ActiveCfg = Debug|Any CPU
		{F7DFC57F-3210-4F61-A8AA-E5AE5E9E786B}.Debug|Any CPU.Build.0 = Debug|Any CPU
		{F7DFC57F-3210-4F61-A8AA-E5AE5E9E786B}.Release|Any CPU.ActiveCfg = Release|Any CPU
		{F7DFC57F-3210-4F61-A8AA-E5AE5E9E786B}.Release|Any CPU.Build.0 = Release|Any CPU
		{88236313-CB5C-4A8C-81D7-B009AF287BD1}.Debug|Any CPU.ActiveCfg = Debug|Any CPU
		{88236313-CB5C-4A8C-81D7-B009AF287BD1}.Debug|Any CPU.Build.0 = Debug|Any CPU
		{88236313-CB5C-4A8C-81D7-B009AF287BD1}.Release|Any CPU.ActiveCfg = Release|Any CPU
		{88236313-CB5C-4A8C-81D7-B009AF287BD1}.Release|Any CPU.Build.0 = Release|Any CPU
	EndGlobalSection
	GlobalSection(SolutionProperties) = preSolution
		HideSolutionNode = FALSE
	EndGlobalSection
	GlobalSection(NestedProjects) = preSolution
		{53714244-BF60-4B06-B695-F5E0EDB9E341} = {C55B6EE9-502E-4B46-89BA-345680474EA4}
		{57F05A67-C018-40E0-A12A-E419146508AE} = {C55B6EE9-502E-4B46-89BA-345680474EA4}
		{EB04DF66-DB26-46BC-B472-10D26A28ACAD} = {53714244-BF60-4B06-B695-F5E0EDB9E341}
		{ADE20B17-FE45-4581-9CA3-1736FDE710B0} = {53714244-BF60-4B06-B695-F5E0EDB9E341}
		{5B2DD0F0-2BBB-4C94-80DC-79E9B7BC3496} = {57F05A67-C018-40E0-A12A-E419146508AE}
		{BBDC3B9F-2C73-4BC3-96E9-4CD692E1A75D} = {57F05A67-C018-40E0-A12A-E419146508AE}
		{AF788333-6180-4220-902E-E1B64FEE63E8} = {EB04DF66-DB26-46BC-B472-10D26A28ACAD}
		{17E38EAD-53EC-4594-BAA5-2F9081FB4F1F} = {ADE20B17-FE45-4581-9CA3-1736FDE710B0}
		{39A9B50E-F3C0-4B66-9C6D-DA336DDF1E7D} = {C55B6EE9-502E-4B46-89BA-345680474EA4}
		{1DFC945C-3FFD-4A34-9693-BBF5EBB5ED36} = {39A9B50E-F3C0-4B66-9C6D-DA336DDF1E7D}
		{F7DFC57F-3210-4F61-A8AA-E5AE5E9E786B} = {ADE20B17-FE45-4581-9CA3-1736FDE710B0}
		{88236313-CB5C-4A8C-81D7-B009AF287BD1} = {EB04DF66-DB26-46BC-B472-10D26A28ACAD}
	EndGlobalSection
	GlobalSection(ExtensibilityGlobals) = postSolution
		SolutionGuid = {BA709FEB-6583-4491-8574-A23F01605ABF}
	EndGlobalSection
EndGlobal
